github.com/Tomba-Hopkins/belajar-bolang-eh-golang v1.0.0 h1:FehAJTWerZonkX+QjjaQ5u9t7e9FwCT11GzaRgvqPMo=
github.com/Tomba-Hopkins/belajar-bolang-eh-golang v1.0.0/go.mod h1:o7Dxn1TPKskOz55GF7CVQcfM1bFYJ8EsMSpu77S8mmg=
github.com/Tomba-Hopkins/belajar-bolang-eh-golang v1.5.0 h1:kc1T2HndCo90KUQDC7JA2yjUwVoMCto1t+iGHaFU4XM=
github.com/Tomba-Hopkins/belajar-bolang-eh-golang v1.5.0/go.mod h1:o7Dxn1TPKskOz55GF7CVQcfM1bFYJ8EsMSpu77S8mmg=
github.com/Tomba-Hopkins/belajar-bolang-eh-golang/v2 v2.0.0 h1:Hi+Ht0GUho5Aaqe4L//zfaZlNql0nlr/a2TpPror6WM=
github.com/Tomba-Hopkins/belajar-bolang-eh-golang/v2 v2.0.0/go.mod h1:9YN6WDE+y62K5cgEqMfmRSiydYSsG7YnaqzNr5HkM+s=
